github.com/masunomatiko/study_go v0.0.0-20210104171058-2129e9c7a979 h1:YCT50TuYeHcqzJDi4pGKH+H4B7VHK8PNAq6O9u59pyE=
github.com/masunomatiko/study_go v0.0.0-20210104171058-2129e9c7a979/go.mod h1:Qwa8D0jTdsTPIMx2kRaW0asLWrtU7C61jTOa7/c6834=
github.com/masunomatiko/study_go v0.0.0-20210105152212-afdeba2def57 h1:khP5FANm1lsHW4b/HlY7UQ+Ia4YZQoZMEE/zkN/Skqg=
github.com/masunomatiko/study_go v0.0.0-20210105152212-afdeba2def57/go.mod h1:Qwa8D0jTdsTPIMx2kRaW0asLWrtU7C61jTOa7/c6834=
